
Microsoft Visual Studio Solution File, Format Version 12.00
# Visual Studio Version 17
VisualStudioVersion = 17.14.36511.14
MinimumVisualStudioVersion = 10.0.40219.1
Project("{8BC9CEB8-8B4A-11D0-8D11-00A0C91BC942}") = "VictoryEngine", "VictoryEngine\VictoryEngine.vcxproj", "{F59B8040-BC5D-4995-8167-F8D7A74E78BE}"
EndProject
Project("{8BC9CEB8-8B4A-11D0-8D11-00A0C91BC942}") = "Application", "Application\Application.vcxproj", "{63643451-1AA8-468F-AF6B-CBEEA3493F73}"
	ProjectSection(ProjectDependencies) = postProject
		{F59B8040-BC5D-4995-8167-F8D7A74E78BE} = {F59B8040-BC5D-4995-8167-F8D7A74E78BE}
	EndProjectSection
EndProject
Project("{FAE04EC0-301F-11D3-BF4B-00C04F79EFBC}") = "WPFApplication", "WPFApplication\WPFApplication.csproj", "{4F836CE7-0A6E-47E6-9830-1D9A781AE52C}"
EndProject
Global
	GlobalSection(SolutionConfigurationPlatforms) = preSolution
		Debug|Any CPU = Debug|Any CPU
		Debug|x64 = Debug|x64
		Debug|x86 = Debug|x86
		Release|Any CPU = Release|Any CPU
		Release|x64 = Release|x64
		Release|x86 = Release|x86
	EndGlobalSection
	GlobalSection(ProjectConfigurationPlatforms) = postSolution
		{F59B8040-BC5D-4995-8167-F8D7A74E78BE}.Debug|Any CPU.ActiveCfg = Debug|x64
		{F59B8040-BC5D-4995-8167-F8D7A74E78BE}.Debug|Any CPU.Build.0 = Debug|x64
		{F59B8040-BC5D-4995-8167-F8D7A74E78BE}.Debug|x64.ActiveCfg = Debug|x64
		{F59B8040-BC5D-4995-8167-F8D7A74E78BE}.Debug|x64.Build.0 = Debug|x64
		{F59B8040-BC5D-4995-8167-F8D7A74E78BE}.Debug|x86.ActiveCfg = Debug|Win32
		{F59B8040-BC5D-4995-8167-F8D7A74E78BE}.Debug|x86.Build.0 = Debug|Win32
		{F59B8040-BC5D-4995-8167-F8D7A74E78BE}.Release|Any CPU.ActiveCfg = Release|x64
		{F59B8040-BC5D-4995-8167-F8D7A74E78BE}.Release|Any CPU.Build.0 = Release|x64
		{F59B8040-BC5D-4995-8167-F8D7A74E78BE}.Release|x64.ActiveCfg = Release|x64
		{F59B8040-BC5D-4995-8167-F8D7A74E78BE}.Release|x64.Build.0 = Release|x64
		{F59B8040-BC5D-4995-8167-F8D7A74E78BE}.Release|x86.ActiveCfg = Release|Win32
		{F59B8040-BC5D-4995-8167-F8D7A74E78BE}.Release|x86.Build.0 = Release|Win32
		{63643451-1AA8-468F-AF6B-CBEEA3493F73}.Debug|Any CPU.ActiveCfg = Debug|x64
		{63643451-1AA8-468F-AF6B-CBEEA3493F73}.Debug|Any CPU.Build.0 = Debug|x64
		{63643451-1AA8-468F-AF6B-CBEEA3493F73}.Debug|x64.ActiveCfg = Debug|x64
		{63643451-1AA8-468F-AF6B-CBEEA3493F73}.Debug|x64.Build.0 = Debug|x64
		{63643451-1AA8-468F-AF6B-CBEEA3493F73}.Debug|x86.ActiveCfg = Debug|Win32
		{63643451-1AA8-468F-AF6B-CBEEA3493F73}.Debug|x86.Build.0 = Debug|Win32
		{63643451-1AA8-468F-AF6B-CBEEA3493F73}.Release|Any CPU.ActiveCfg = Release|x64
		{63643451-1AA8-468F-AF6B-CBEEA3493F73}.Release|Any CPU.Build.0 = Release|x64
		{63643451-1AA8-468F-AF6B-CBEEA3493F73}.Release|x64.ActiveCfg = Release|x64
		{63643451-1AA8-468F-AF6B-CBEEA3493F73}.Release|x64.Build.0 = Release|x64
		{63643451-1AA8-468F-AF6B-CBEEA3493F73}.Release|x86.ActiveCfg = Release|Win32
		{63643451-1AA8-468F-AF6B-CBEEA3493F73}.Release|x86.Build.0 = Release|Win32
		{4F836CE7-0A6E-47E6-9830-1D9A781AE52C}.Debug|Any CPU.ActiveCfg = Debug|Any CPU
		{4F836CE7-0A6E-47E6-9830-1D9A781AE52C}.Debug|Any CPU.Build.0 = Debug|Any CPU
		{4F836CE7-0A6E-47E6-9830-1D9A781AE52C}.Debug|x64.ActiveCfg = Debug|Any CPU
		{4F836CE7-0A6E-47E6-9830-1D9A781AE52C}.Debug|x64.Build.0 = Debug|Any CPU
		{4F836CE7-0A6E-47E6-9830-1D9A781AE52C}.Debug|x86.ActiveCfg = Debug|Any CPU
		{4F836CE7-0A6E-47E6-9830-1D9A781AE52C}.Debug|x86.Build.0 = Debug|Any CPU
		{4F836CE7-0A6E-47E6-9830-1D9A781AE52C}.Release|Any CPU.ActiveCfg = Release|Any CPU
		{4F836CE7-0A6E-47E6-9830-1D9A781AE52C}.Release|Any CPU.Build.0 = Release|Any CPU
		{4F836CE7-0A6E-47E6-9830-1D9A781AE52C}.Release|x64.ActiveCfg = Release|Any CPU
		{4F836CE7-0A6E-47E6-9830-1D9A781AE52C}.Release|x64.Build.0 = Release|Any CPU
		{4F836CE7-0A6E-47E6-9830-1D9A781AE52C}.Release|x86.ActiveCfg = Release|Any CPU
		{4F836CE7-0A6E-47E6-9830-1D9A781AE52C}.Release|x86.Build.0 = Release|Any CPU
	EndGlobalSection
	GlobalSection(SolutionProperties) = preSolution
		HideSolutionNode = FALSE
	EndGlobalSection
	GlobalSection(ExtensibilityGlobals) = postSolution
		SolutionGuid = {4FFD275B-D1F2-47D0-AC8E-44FD510E4572}
	EndGlobalSection
EndGlobal
